
Microsoft Visual Studio Solution File, Format Version 12.00
# Visual Studio Version 16
VisualStudioVersion = 16.0.31424.327
MinimumVisualStudioVersion = 10.0.40219.1
Project("{8BC9CEB8-8B4A-11D0-8D11-00A0C91BC942}") = "LinkedList", "LinkedList\LinkedList.vcxproj", "{5ECA3A32-84DA-453E-85A7-F4FCC20D0B20}"
EndProject
Project("{8BC9CEB8-8B4A-11D0-8D11-00A0C91BC942}") = "Heap", "Heap\Heap.vcxproj", "{722F2AD9-AEE6-4DF8-A85E-2EFDCE54EA61}"
EndProject
Project("{8BC9CEB8-8B4A-11D0-8D11-00A0C91BC942}") = "AVL", "AVL\AVL.vcxproj", "{86E04A03-19BC-4645-9293-B386A0E5737C}"
EndProject
Project("{8BC9CEB8-8B4A-11D0-8D11-00A0C91BC942}") = "Search", "Search\Search.vcxproj", "{53969904-FD6E-4612-9CB8-99405125A257}"
EndProject
Project("{8BC9CEB8-8B4A-11D0-8D11-00A0C91BC942}") = "Graph", "Graph\Graph.vcxproj", "{7A567BA9-A7D0-4EB0-B2E2-1DC12D3DE5BD}"
EndProject
Project("{8BC9CEB8-8B4A-11D0-8D11-00A0C91BC942}") = "Stack_queue", "Stack_queue\Stack_queue.vcxproj", "{ABE93495-9C3D-438F-A628-48FE765F53C0}"
EndProject
Project("{8BC9CEB8-8B4A-11D0-8D11-00A0C91BC942}") = "DLinkedList_advaced", "DLinkedList_advaced\DLinkedList_advaced.vcxproj", "{2FC94DC0-9E53-4C2C-82C7-7D01BED73EC1}"
EndProject
Project("{8BC9CEB8-8B4A-11D0-8D11-00A0C91BC942}") = "nhap", "nhap\nhap.vcxproj", "{93224A24-ADEF-4912-A83C-B086C6DEFC02}"
EndProject
Project("{8BC9CEB8-8B4A-11D0-8D11-00A0C91BC942}") = "Sort", "Sort\Sort.vcxproj", "{2D508CE2-B210-41BB-9C3F-6D28A6E23527}"
EndProject
Project("{8BC9CEB8-8B4A-11D0-8D11-00A0C91BC942}") = "Tree", "Tree\Tree.vcxproj", "{DC37F762-282E-4650-926F-D5C847002444}"
EndProject
Project("{8BC9CEB8-8B4A-11D0-8D11-00A0C91BC942}") = "BTree", "BTree\BTree.vcxproj", "{6DC36FB9-0869-4CA3-94ED-31A9FB239E2D}"
EndProject
Global
	GlobalSection(SolutionConfigurationPlatforms) = preSolution
		Debug|x64 = Debug|x64
		Debug|x86 = Debug|x86
		Release|x64 = Release|x64
		Release|x86 = Release|x86
	EndGlobalSection
	GlobalSection(ProjectConfigurationPlatforms) = postSolution
		{5ECA3A32-84DA-453E-85A7-F4FCC20D0B20}.Debug|x64.ActiveCfg = Debug|x64
		{5ECA3A32-84DA-453E-85A7-F4FCC20D0B20}.Debug|x64.Build.0 = Debug|x64
		{5ECA3A32-84DA-453E-85A7-F4FCC20D0B20}.Debug|x86.ActiveCfg = Debug|Win32
		{5ECA3A32-84DA-453E-85A7-F4FCC20D0B20}.Debug|x86.Build.0 = Debug|Win32
		{5ECA3A32-84DA-453E-85A7-F4FCC20D0B20}.Release|x64.ActiveCfg = Release|x64
		{5ECA3A32-84DA-453E-85A7-F4FCC20D0B20}.Release|x64.Build.0 = Release|x64
		{5ECA3A32-84DA-453E-85A7-F4FCC20D0B20}.Release|x86.ActiveCfg = Release|Win32
		{5ECA3A32-84DA-453E-85A7-F4FCC20D0B20}.Release|x86.Build.0 = Release|Win32
		{722F2AD9-AEE6-4DF8-A85E-2EFDCE54EA61}.Debug|x64.ActiveCfg = Debug|x64
		{722F2AD9-AEE6-4DF8-A85E-2EFDCE54EA61}.Debug|x64.Build.0 = Debug|x64
		{722F2AD9-AEE6-4DF8-A85E-2EFDCE54EA61}.Debug|x86.ActiveCfg = Debug|Win32
		{722F2AD9-AEE6-4DF8-A85E-2EFDCE54EA61}.Debug|x86.Build.0 = Debug|Win32
		{722F2AD9-AEE6-4DF8-A85E-2EFDCE54EA61}.Release|x64.ActiveCfg = Release|x64
		{722F2AD9-AEE6-4DF8-A85E-2EFDCE54EA61}.Release|x64.Build.0 = Release|x64
		{722F2AD9-AEE6-4DF8-A85E-2EFDCE54EA61}.Release|x86.ActiveCfg = Release|Win32
		{722F2AD9-AEE6-4DF8-A85E-2EFDCE54EA61}.Release|x86.Build.0 = Release|Win32
		{86E04A03-19BC-4645-9293-B386A0E5737C}.Debug|x64.ActiveCfg = Debug|x64
		{86E04A03-19BC-4645-9293-B386A0E5737C}.Debug|x64.Build.0 = Debug|x64
		{86E04A03-19BC-4645-9293-B386A0E5737C}.Debug|x86.ActiveCfg = Debug|Win32
		{86E04A03-19BC-4645-9293-B386A0E5737C}.Debug|x86.Build.0 = Debug|Win32
		{86E04A03-19BC-4645-9293-B386A0E5737C}.Release|x64.ActiveCfg = Release|x64
		{86E04A03-19BC-4645-9293-B386A0E5737C}.Release|x64.Build.0 = Release|x64
		{86E04A03-19BC-4645-9293-B386A0E5737C}.Release|x86.ActiveCfg = Release|Win32
		{86E04A03-19BC-4645-9293-B386A0E5737C}.Release|x86.Build.0 = Release|Win32
		{53969904-FD6E-4612-9CB8-99405125A257}.Debug|x64.ActiveCfg = Debug|x64
		{53969904-FD6E-4612-9CB8-99405125A257}.Debug|x64.Build.0 = Debug|x64
		{53969904-FD6E-4612-9CB8-99405125A257}.Debug|x86.ActiveCfg = Debug|Win32
		{53969904-FD6E-4612-9CB8-99405125A257}.Debug|x86.Build.0 = Debug|Win32
		{53969904-FD6E-4612-9CB8-99405125A257}.Release|x64.ActiveCfg = Release|x64
		{53969904-FD6E-4612-9CB8-99405125A257}.Release|x64.Build.0 = Release|x64
		{53969904-FD6E-4612-9CB8-99405125A257}.Release|x86.ActiveCfg = Release|Win32
		{53969904-FD6E-4612-9CB8-99405125A257}.Release|x86.Build.0 = Release|Win32
		{7A567BA9-A7D0-4EB0-B2E2-1DC12D3DE5BD}.Debug|x64.ActiveCfg = Debug|x64
		{7A567BA9-A7D0-4EB0-B2E2-1DC12D3DE5BD}.Debug|x64.Build.0 = Debug|x64
		{7A567BA9-A7D0-4EB0-B2E2-1DC12D3DE5BD}.Debug|x86.ActiveCfg = Debug|Win32
		{7A567BA9-A7D0-4EB0-B2E2-1DC12D3DE5BD}.Debug|x86.Build.0 = Debug|Win32
		{7A567BA9-A7D0-4EB0-B2E2-1DC12D3DE5BD}.Release|x64.ActiveCfg = Release|x64
		{7A567BA9-A7D0-4EB0-B2E2-1DC12D3DE5BD}.Release|x64.Build.0 = Release|x64
		{7A567BA9-A7D0-4EB0-B2E2-1DC12D3DE5BD}.Release|x86.ActiveCfg = Release|Win32
		{7A567BA9-A7D0-4EB0-B2E2-1DC12D3DE5BD}.Release|x86.Build.0 = Release|Win32
		{ABE93495-9C3D-438F-A628-48FE765F53C0}.Debug|x64.ActiveCfg = Debug|x64
		{ABE93495-9C3D-438F-A628-48FE765F53C0}.Debug|x64.Build.0 = Debug|x64
		{ABE93495-9C3D-438F-A628-48FE765F53C0}.Debug|x86.ActiveCfg = Debug|Win32
		{ABE93495-9C3D-438F-A628-48FE765F53C0}.Debug|x86.Build.0 = Debug|Win32
		{ABE93495-9C3D-438F-A628-48FE765F53C0}.Release|x64.ActiveCfg = Release|x64
		{ABE93495-9C3D-438F-A628-48FE765F53C0}.Release|x64.Build.0 = Release|x64
		{ABE93495-9C3D-438F-A628-48FE765F53C0}.Release|x86.ActiveCfg = Release|Win32
		{ABE93495-9C3D-438F-A628-48FE765F53C0}.Release|x86.Build.0 = Release|Win32
		{2FC94DC0-9E53-4C2C-82C7-7D01BED73EC1}.Debug|x64.ActiveCfg = Debug|x64
		{2FC94DC0-9E53-4C2C-82C7-7D01BED73EC1}.Debug|x64.Build.0 = Debug|x64
		{2FC94DC0-9E53-4C2C-82C7-7D01BED73EC1}.Debug|x86.ActiveCfg = Debug|Win32
		{2FC94DC0-9E53-4C2C-82C7-7D01BED73EC1}.Debug|x86.Build.0 = Debug|Win32
		{2FC94DC0-9E53-4C2C-82C7-7D01BED73EC1}.Release|x64.ActiveCfg = Release|x64
		{2FC94DC0-9E53-4C2C-82C7-7D01BED73EC1}.Release|x64.Build.0 = Release|x64
		{2FC94DC0-9E53-4C2C-82C7-7D01BED73EC1}.Release|x86.ActiveCfg = Release|Win32
		{2FC94DC0-9E53-4C2C-82C7-7D01BED73EC1}.Release|x86.Build.0 = Release|Win32
		{93224A24-ADEF-4912-A83C-B086C6DEFC02}.Debug|x64.ActiveCfg = Debug|x64
		{93224A24-ADEF-4912-A83C-B086C6DEFC02}.Debug|x64.Build.0 = Debug|x64
		{93224A24-ADEF-4912-A83C-B086C6DEFC02}.Debug|x86.ActiveCfg = Debug|Win32
		{93224A24-ADEF-4912-A83C-B086C6DEFC02}.Debug|x86.Build.0 = Debug|Win32
		{93224A24-ADEF-4912-A83C-B086C6DEFC02}.Release|x64.ActiveCfg = Release|x64
		{93224A24-ADEF-4912-A83C-B086C6DEFC02}.Release|x64.Build.0 = Release|x64
		{93224A24-ADEF-4912-A83C-B086C6DEFC02}.Release|x86.ActiveCfg = Release|Win32
		{93224A24-ADEF-4912-A83C-B086C6DEFC02}.Release|x86.Build.0 = Release|Win32
		{2D508CE2-B210-41BB-9C3F-6D28A6E23527}.Debug|x64.ActiveCfg = Debug|x64
		{2D508CE2-B210-41BB-9C3F-6D28A6E23527}.Debug|x64.Build.0 = Debug|x64
		{2D508CE2-B210-41BB-9C3F-6D28A6E23527}.Debug|x86.ActiveCfg = Debug|Win32
		{2D508CE2-B210-41BB-9C3F-6D28A6E23527}.Debug|x86.Build.0 = Debug|Win32
		{2D508CE2-B210-41BB-9C3F-6D28A6E23527}.Release|x64.ActiveCfg = Release|x64
		{2D508CE2-B210-41BB-9C3F-6D28A6E23527}.Release|x64.Build.0 = Release|x64
		{2D508CE2-B210-41BB-9C3F-6D28A6E23527}.Release|x86.ActiveCfg = Release|Win32
		{2D508CE2-B210-41BB-9C3F-6D28A6E23527}.Release|x86.Build.0 = Release|Win32
		{DC37F762-282E-4650-926F-D5C847002444}.Debug|x64.ActiveCfg = Debug|x64
		{DC37F762-282E-4650-926F-D5C847002444}.Debug|x64.Build.0 = Debug|x64
		{DC37F762-282E-4650-926F-D5C847002444}.Debug|x86.ActiveCfg = Debug|Win32
		{DC37F762-282E-4650-926F-D5C847002444}.Debug|x86.Build.0 = Debug|Win32
		{DC37F762-282E-4650-926F-D5C847002444}.Release|x64.ActiveCfg = Release|x64
		{DC37F762-282E-4650-926F-D5C847002444}.Release|x64.Build.0 = Release|x64
		{DC37F762-282E-4650-926F-D5C847002444}.Release|x86.ActiveCfg = Release|Win32
		{DC37F762-282E-4650-926F-D5C847002444}.Release|x86.Build.0 = Release|Win32
		{6DC36FB9-0869-4CA3-94ED-31A9FB239E2D}.Debug|x64.ActiveCfg = Debug|x64
		{6DC36FB9-0869-4CA3-94ED-31A9FB239E2D}.Debug|x64.Build.0 = Debug|x64
		{6DC36FB9-0869-4CA3-94ED-31A9FB239E2D}.Debug|x86.ActiveCfg = Debug|Win32
		{6DC36FB9-0869-4CA3-94ED-31A9FB239E2D}.Debug|x86.Build.0 = Debug|Win32
		{6DC36FB9-0869-4CA3-94ED-31A9FB239E2D}.Release|x64.ActiveCfg = Release|x64
		{6DC36FB9-0869-4CA3-94ED-31A9FB239E2D}.Release|x64.Build.0 = Release|x64
		{6DC36FB9-0869-4CA3-94ED-31A9FB239E2D}.Release|x86.ActiveCfg = Release|Win32
		{6DC36FB9-0869-4CA3-94ED-31A9FB239E2D}.Release|x86.Build.0 = Release|Win32
	EndGlobalSection
	GlobalSection(SolutionProperties) = preSolution
		HideSolutionNode = FALSE
	EndGlobalSection
	GlobalSection(ExtensibilityGlobals) = postSolution
		SolutionGuid = {AEE88DBA-B1D8-4F44-A6DB-7341970091AE}
	EndGlobalSection
EndGlobal
